<?xml version="1.0" encoding="utf-8"?>
<Project ToolsVersion="4.0" xmlns="http://schemas.microsoft.com/developer/msbuild/2003">
  <ItemGroup>
    <Filter Include="Source Files">
      <UniqueIdentifier>{4FC737F1-C7A5-4376-A066-2A32D752A2FF}</UniqueIdentifier>
      <Extensions>cpp;c;cc;cxx;c++;cppm;ixx;def;odl;idl;hpj;bat;asm;asmx</Extensions>
    </Filter>
    <Filter Include="Header Files">
      <UniqueIdentifier>{93995380-89BD-4b04-88EB-625FBE52EBFB}</UniqueIdentifier>
      <Extensions>h;hh;hpp;hxx;h++;hm;inl;inc;ipp;xsd</Extensions>
    </Filter>
    <Filter Include="gtest">
      <UniqueIdentifier>{89d17c15-b1b1-41ac-a756-505d7d1a03dd}</UniqueIdentifier>
    </Filter>
    <Filter Include="gtest\src">
      <UniqueIdentifier>{226e657d-d7c3-4fff-a14c-91c91eb53d54}</UniqueIdentifier>
    </Filter>
    <Filter Include="gtest\include">
      <UniqueIdentifier>{ef4f59fa-2c2b-4b2a-b98c-e7891789b536}</UniqueIdentifier>
    </Filter>
    <Filter Include="Tests">
      <UniqueIdentifier>{b27f8edf-3eb5-48f2-9647-0d2018eb6666}</UniqueIdentifier>
    </Filter>
  </ItemGroup>
  <ItemGroup>
    <ClInclude Include="gtest\include\gtest\gtest.h">
      <Filter>gtest\include</Filter>
    </ClInclude>
    <ClInclude Include="gtest\include\gtest\gtest_pred_impl.h">
      <Filter>gtest\include</Filter>
    </ClInclude>
    <ClInclude Include="gtest\include\gtest\gtest_prod.h">
      <Filter>gtest\include</Filter>
    </ClInclude>
    <ClInclude Include="gtest\include\gtest\gtest-death-test.h">
      <Filter>gtest\include</Filter>
    </ClInclude>
    <ClInclude Include="gtest\include\gtest\gtest-matchers.h">
      <Filter>gtest\include</Filter>
    </ClInclude>
    <ClInclude Include="gtest\include\gtest\gtest-message.h">
      <Filter>gtest\include</Filter>
    </ClInclude>
    <ClInclude Include="gtest\include\gtest\gtest-param-test.h">
      <Filter>gtest\include</Filter>
    </ClInclude>
    <ClInclude Include="gtest\include\gtest\gtest-printers.h">
      <Filter>gtest\include</Filter>
    </ClInclude>
    <ClInclude Include="gtest\include\gtest\gtest-spi.h">
      <Filter>gtest\include</Filter>
    </ClInclude>
    <ClInclude Include="gtest\include\gtest\gtest-test-part.h">
      <Filter>gtest\include</Filter>
    </ClInclude>
    <ClInclude Include="gtest\include\gtest\gtest-typed-test.h">
      <Filter>gtest\include</Filter>
    </ClInclude>
    <ClInclude Include="CCharBuffer.h">
      <Filter>Header Files</Filter>
    </ClInclude>
    <ClInclude Include="CFnMatch.h">
      <Filter>Header Files</Filter>
    </ClInclude>
    <ClInclude Include="CLineReader.h">
      <Filter>Header Files</Filter>
    </ClInclude>
  </ItemGroup>
  <ItemGroup>
    <ClCompile Include="gtest\src\gtest_main.cc">
      <Filter>gtest\src</Filter>
    </ClCompile>
    <ClCompile Include="gtest\src\gtest-all.cc">
      <Filter>gtest\src</Filter>
    </ClCompile>
    <ClCompile Include="CCharBuffer.cpp">
      <Filter>Source Files</Filter>
    </ClCompile>
    <ClCompile Include="CFnMatch.cpp">
      <Filter>Source Files</Filter>
    </ClCompile>
    <ClCompile Include="CLineReader.cpp">
      <Filter>Source Files</Filter>
    </ClCompile>
    <ClCompile Include="TestCLineReader.cpp">
      <Filter>Tests</Filter>
    </ClCompile>
    <ClCompile Include="TestCFnMatch.cpp">
      <Filter>Tests</Filter>
    </ClCompile>
  </ItemGroup>
</Project>